// !$*UTF8*$!
{
	archiveVersion = 1;
	classes = {
	};
	objectVersion = 52;
	objects = {

/* Begin PBXBuildFile section */
		180408C62413C703005979A5 /* Ultility.swift in Sources */ = {isa = PBXBuildFile; fileRef = 180408C52413C703005979A5 /* Ultility.swift */; };
		180408C82413C91D005979A5 /* OLView.swift in Sources */ = {isa = PBXBuildFile; fileRef = 180408C72413C91D005979A5 /* OLView.swift */; };
		180408D82413CF41005979A5 /* Oxygen-Regular.ttf in Resources */ = {isa = PBXBuildFile; fileRef = 180408CA2413CF41005979A5 /* Oxygen-Regular.ttf */; };
		180408D92413CF41005979A5 /* Oxygen-Light.ttf in Resources */ = {isa = PBXBuildFile; fileRef = 180408CB2413CF41005979A5 /* Oxygen-Light.ttf */; };
		180408DA2413CF41005979A5 /* Oxygen-Bold.ttf in Resources */ = {isa = PBXBuildFile; fileRef = 180408CC2413CF41005979A5 /* Oxygen-Bold.ttf */; };
		180408DB2413CF41005979A5 /* UbuntuCondensed-Regular.ttf in Resources */ = {isa = PBXBuildFile; fileRef = 180408CE2413CF41005979A5 /* UbuntuCondensed-Regular.ttf */; };
		180408DC2413CF41005979A5 /* Oswald-Bold.ttf in Resources */ = {isa = PBXBuildFile; fileRef = 180408D12413CF41005979A5 /* Oswald-Bold.ttf */; };
		180408DD2413CF41005979A5 /* Oswald-SemiBold.ttf in Resources */ = {isa = PBXBuildFile; fileRef = 180408D22413CF41005979A5 /* Oswald-SemiBold.ttf */; };
		180408DE2413CF41005979A5 /* Oswald-Medium.ttf in Resources */ = {isa = PBXBuildFile; fileRef = 180408D32413CF41005979A5 /* Oswald-Medium.ttf */; };
		180408DF2413CF41005979A5 /* Oswald-Regular.ttf in Resources */ = {isa = PBXBuildFile; fileRef = 180408D42413CF41005979A5 /* Oswald-Regular.ttf */; };
		180408E02413CF41005979A5 /* Oswald-ExtraLight.ttf in Resources */ = {isa = PBXBuildFile; fileRef = 180408D52413CF41005979A5 /* Oswald-ExtraLight.ttf */; };
		180408E12413CF41005979A5 /* Oswald-Light.ttf in Resources */ = {isa = PBXBuildFile; fileRef = 180408D62413CF41005979A5 /* Oswald-Light.ttf */; };
		180408E22413CF41005979A5 /* Oswald-VariableFont_wght.ttf in Resources */ = {isa = PBXBuildFile; fileRef = 180408D72413CF41005979A5 /* Oswald-VariableFont_wght.ttf */; };
		180408E42413CFE6005979A5 /* Support.swift in Sources */ = {isa = PBXBuildFile; fileRef = 180408E32413CFE6005979A5 /* Support.swift */; };
		1813F4DF245E95400085A43D /* SampleYearView.swift in Sources */ = {isa = PBXBuildFile; fileRef = 1813F4DE245E95400085A43D /* SampleYearView.swift */; };
		18367EC624151F06004B634D /* BlogView.swift in Sources */ = {isa = PBXBuildFile; fileRef = 18367EC524151F06004B634D /* BlogView.swift */; };
		18468223245FDD6B0054B8D0 /* YearView.swift in Sources */ = {isa = PBXBuildFile; fileRef = 18468222245FDD6B0054B8D0 /* YearView.swift */; };
		1865B3DE24177CD7007DB193 /* 2019-2.json in Resources */ = {isa = PBXBuildFile; fileRef = 1865B3DD24177CD7007DB193 /* 2019-2.json */; };
		1865B3E024178036007DB193 /* 2018-2.json in Resources */ = {isa = PBXBuildFile; fileRef = 1865B3DF24178036007DB193 /* 2018-2.json */; };
		1865B3E224178048007DB193 /* 2017-2.json in Resources */ = {isa = PBXBuildFile; fileRef = 1865B3E124178048007DB193 /* 2017-2.json */; };
		1865B3E424178054007DB193 /* 2016-2.json in Resources */ = {isa = PBXBuildFile; fileRef = 1865B3E324178054007DB193 /* 2016-2.json */; };
		1865B3E624178067007DB193 /* 2015-2.json in Resources */ = {isa = PBXBuildFile; fileRef = 1865B3E524178067007DB193 /* 2015-2.json */; };
		1865B3E824178070007DB193 /* 2014-2.json in Resources */ = {isa = PBXBuildFile; fileRef = 1865B3E724178070007DB193 /* 2014-2.json */; };
		1865B3EA2417807B007DB193 /* 2013-2.json in Resources */ = {isa = PBXBuildFile; fileRef = 1865B3E92417807B007DB193 /* 2013-2.json */; };
		1865B3EC24178088007DB193 /* 2012-2.json in Resources */ = {isa = PBXBuildFile; fileRef = 1865B3EB24178088007DB193 /* 2012-2.json */; };
		1865B3EE24178094007DB193 /* 2011-2.json in Resources */ = {isa = PBXBuildFile; fileRef = 1865B3ED24178094007DB193 /* 2011-2.json */; };
		18B21DC62444A9CF007ECAE7 /* Home.swift in Sources */ = {isa = PBXBuildFile; fileRef = 18B21DC52444A9CF007ECAE7 /* Home.swift */; };
		18B6E24B24134DE7002615DE /* AppDelegate.swift in Sources */ = {isa = PBXBuildFile; fileRef = 18B6E24A24134DE7002615DE /* AppDelegate.swift */; };
		18B6E24D24134DE7002615DE /* SceneDelegate.swift in Sources */ = {isa = PBXBuildFile; fileRef = 18B6E24C24134DE7002615DE /* SceneDelegate.swift */; };
		18B6E25024134DE7002615DE /* PastPapaer.xcdatamodeld in Sources */ = {isa = PBXBuildFile; fileRef = 18B6E24E24134DE7002615DE /* PastPapaer.xcdatamodeld */; };
		18B6E25424134DEA002615DE /* Assets.xcassets in Resources */ = {isa = PBXBuildFile; fileRef = 18B6E25324134DEA002615DE /* Assets.xcassets */; };
		18B6E25724134DEA002615DE /* Preview Assets.xcassets in Resources */ = {isa = PBXBuildFile; fileRef = 18B6E25624134DEA002615DE /* Preview Assets.xcassets */; };
		18B6E25A24134DEA002615DE /* LaunchScreen.storyboard in Resources */ = {isa = PBXBuildFile; fileRef = 18B6E25824134DEA002615DE /* LaunchScreen.storyboard */; };
		18B6E27C24138178002615DE /* 2019List.swift in Sources */ = {isa = PBXBuildFile; fileRef = 18B6E27B24138178002615DE /* 2019List.swift */; };
		18B6E27E241381EB002615DE /* Data.swift in Sources */ = {isa = PBXBuildFile; fileRef = 18B6E27D241381EB002615DE /* Data.swift */; };
		18B6E2802413821E002615DE /* 2019Detail.swift in Sources */ = {isa = PBXBuildFile; fileRef = 18B6E27F2413821E002615DE /* 2019Detail.swift */; };
		18B6E2822413822D002615DE /* Decode.swift in Sources */ = {isa = PBXBuildFile; fileRef = 18B6E2812413822C002615DE /* Decode.swift */; };
		18B6E28424138237002615DE /* 2019.json in Resources */ = {isa = PBXBuildFile; fileRef = 18B6E28324138237002615DE /* 2019.json */; };
		18B6E28624138254002615DE /* WebViewAble.swift in Sources */ = {isa = PBXBuildFile; fileRef = 18B6E28524138254002615DE /* WebViewAble.swift */; };
		18B6E288241382C1002615DE /* 2019Row.swift in Sources */ = {isa = PBXBuildFile; fileRef = 18B6E287241382C1002615DE /* 2019Row.swift */; };
		18CC130B245C12A200C22204 /* IGView.swift in Sources */ = {isa = PBXBuildFile; fileRef = 18CC130A245C12A200C22204 /* IGView.swift */; };
		18CC130D245C200600C22204 /* ALView.swift in Sources */ = {isa = PBXBuildFile; fileRef = 18CC130C245C200600C22204 /* ALView.swift */; };
		18DB6AF224161D0C0050F099 /* 2016.json in Resources */ = {isa = PBXBuildFile; fileRef = 18DB6AF124161D0C0050F099 /* 2016.json */; };
		18DB6AF424161D470050F099 /* 2015.json in Resources */ = {isa = PBXBuildFile; fileRef = 18DB6AF324161D470050F099 /* 2015.json */; };
		18DB6AF624161D580050F099 /* 2014.json in Resources */ = {isa = PBXBuildFile; fileRef = 18DB6AF524161D580050F099 /* 2014.json */; };
		18DB6AF824161D670050F099 /* 2013.json in Resources */ = {isa = PBXBuildFile; fileRef = 18DB6AF724161D670050F099 /* 2013.json */; };
		18DB6AFA24161D720050F099 /* 2012.json in Resources */ = {isa = PBXBuildFile; fileRef = 18DB6AF924161D720050F099 /* 2012.json */; };
		18DB6AFC24161D7C0050F099 /* 2011.json in Resources */ = {isa = PBXBuildFile; fileRef = 18DB6AFB24161D7C0050F099 /* 2011.json */; };
		18DB6AFE24161DB70050F099 /* 2016D.swift in Sources */ = {isa = PBXBuildFile; fileRef = 18DB6AFD24161DB70050F099 /* 2016D.swift */; };
		18DB6B0024161E380050F099 /* 2016L.swift in Sources */ = {isa = PBXBuildFile; fileRef = 18DB6AFF24161E380050F099 /* 2016L.swift */; };
		18DB6B0224161E460050F099 /* 2016R.swift in Sources */ = {isa = PBXBuildFile; fileRef = 18DB6B0124161E460050F099 /* 2016R.swift */; };
		18DB6B0524161E930050F099 /* Decode6.swift in Sources */ = {isa = PBXBuildFile; fileRef = 18DB6B0424161E930050F099 /* Decode6.swift */; };
		18DB6B0724161E9D0050F099 /* Data6.swift in Sources */ = {isa = PBXBuildFile; fileRef = 18DB6B0624161E9D0050F099 /* Data6.swift */; };
		18DB6B0A24161ECB0050F099 /* 2015D.swift in Sources */ = {isa = PBXBuildFile; fileRef = 18DB6B0924161ECB0050F099 /* 2015D.swift */; };
		18DB6B0C24161EDA0050F099 /* 2015L.swift in Sources */ = {isa = PBXBuildFile; fileRef = 18DB6B0B24161EDA0050F099 /* 2015L.swift */; };
		18DB6B0E24161EE60050F099 /* 2015R.swift in Sources */ = {isa = PBXBuildFile; fileRef = 18DB6B0D24161EE60050F099 /* 2015R.swift */; };
		18DB6B1124161F050050F099 /* Decode5.swift in Sources */ = {isa = PBXBuildFile; fileRef = 18DB6B1024161F050050F099 /* Decode5.swift */; };
		18DB6B1324161F0E0050F099 /* Data5.swift in Sources */ = {isa = PBXBuildFile; fileRef = 18DB6B1224161F0E0050F099 /* Data5.swift */; };
		18DB6B1624161F640050F099 /* 2014D.swift in Sources */ = {isa = PBXBuildFile; fileRef = 18DB6B1524161F640050F099 /* 2014D.swift */; };
		18DB6B1824161F7B0050F099 /* 2014L.swift in Sources */ = {isa = PBXBuildFile; fileRef = 18DB6B1724161F7B0050F099 /* 2014L.swift */; };
		18DB6B1A24161F860050F099 /* 2014R.swift in Sources */ = {isa = PBXBuildFile; fileRef = 18DB6B1924161F860050F099 /* 2014R.swift */; };
		18DB6B1D24161FB90050F099 /* Decode4.swift in Sources */ = {isa = PBXBuildFile; fileRef = 18DB6B1C24161FB90050F099 /* Decode4.swift */; };
		18DB6B1F24161FC30050F099 /* Data4.swift in Sources */ = {isa = PBXBuildFile; fileRef = 18DB6B1E24161FC30050F099 /* Data4.swift */; };
		18DB6B2224161FE00050F099 /* 2013D.swift in Sources */ = {isa = PBXBuildFile; fileRef = 18DB6B2124161FE00050F099 /* 2013D.swift */; };
		18DB6B24241620050050F099 /* 2013L.swift in Sources */ = {isa = PBXBuildFile; fileRef = 18DB6B23241620050050F099 /* 2013L.swift */; };
		18DB6B262416200F0050F099 /* 2013R.swift in Sources */ = {isa = PBXBuildFile; fileRef = 18DB6B252416200F0050F099 /* 2013R.swift */; };
		18DB6B282416201B0050F099 /* Decode3.swift in Sources */ = {isa = PBXBuildFile; fileRef = 18DB6B272416201B0050F099 /* Decode3.swift */; };
		18DB6B2A241620250050F099 /* Data3.swift in Sources */ = {isa = PBXBuildFile; fileRef = 18DB6B29241620250050F099 /* Data3.swift */; };
		18DB6B2E241620530050F099 /* 2012D.swift in Sources */ = {isa = PBXBuildFile; fileRef = 18DB6B2D241620530050F099 /* 2012D.swift */; };
		18DB6B30241620690050F099 /* 2012L.swift in Sources */ = {isa = PBXBuildFile; fileRef = 18DB6B2F241620690050F099 /* 2012L.swift */; };
		18DB6B32241620710050F099 /* 2012R.swift in Sources */ = {isa = PBXBuildFile; fileRef = 18DB6B31241620710050F099 /* 2012R.swift */; };
		18DB6B34241620880050F099 /* Decode2.swift in Sources */ = {isa = PBXBuildFile; fileRef = 18DB6B33241620880050F099 /* Decode2.swift */; };
		18DB6B36241620930050F099 /* Data2.swift in Sources */ = {isa = PBXBuildFile; fileRef = 18DB6B35241620930050F099 /* Data2.swift */; };
		18DB6B3A2416210B0050F099 /* 2011D.swift in Sources */ = {isa = PBXBuildFile; fileRef = 18DB6B392416210B0050F099 /* 2011D.swift */; };
		18DB6B3C2416211A0050F099 /* 2011L.swift in Sources */ = {isa = PBXBuildFile; fileRef = 18DB6B3B2416211A0050F099 /* 2011L.swift */; };
		18DB6B3E241621280050F099 /* 2011R.swift in Sources */ = {isa = PBXBuildFile; fileRef = 18DB6B3D241621280050F099 /* 2011R.swift */; };
		18DB6B402416213F0050F099 /* Decode1.swift in Sources */ = {isa = PBXBuildFile; fileRef = 18DB6B3F2416213F0050F099 /* Decode1.swift */; };
		18DB6B42241621490050F099 /* Data1.swift in Sources */ = {isa = PBXBuildFile; fileRef = 18DB6B41241621490050F099 /* Data1.swift */; };
		18DB6B46241639710050F099 /* PlaySound.swift in Sources */ = {isa = PBXBuildFile; fileRef = 18DB6B45241639710050F099 /* PlaySound.swift */; };
		18DB6B4824163C0A0050F099 /* Radiohead-Creep.mp3 in Resources */ = {isa = PBXBuildFile; fileRef = 18DB6B4724163C0A0050F099 /* Radiohead-Creep.mp3 */; };
		18E956832415299100DAF229 /* RobotoMono-Medium.ttf in Resources */ = {isa = PBXBuildFile; fileRef = 18E956782415299100DAF229 /* RobotoMono-Medium.ttf */; };
		18E956842415299100DAF229 /* RobotoMono-Regular.ttf in Resources */ = {isa = PBXBuildFile; fileRef = 18E956792415299100DAF229 /* RobotoMono-Regular.ttf */; };
		18E956852415299100DAF229 /* RobotoMono-LightItalic.ttf in Resources */ = {isa = PBXBuildFile; fileRef = 18E9567A2415299100DAF229 /* RobotoMono-LightItalic.ttf */; };
		18E956862415299100DAF229 /* RobotoMono-BoldItalic.ttf in Resources */ = {isa = PBXBuildFile; fileRef = 18E9567B2415299100DAF229 /* RobotoMono-BoldItalic.ttf */; };
		18E956872415299100DAF229 /* RobotoMono-ThinItalic.ttf in Resources */ = {isa = PBXBuildFile; fileRef = 18E9567C2415299100DAF229 /* RobotoMono-ThinItalic.ttf */; };
		18E956882415299100DAF229 /* RobotoMono-Light.ttf in Resources */ = {isa = PBXBuildFile; fileRef = 18E9567D2415299100DAF229 /* RobotoMono-Light.ttf */; };
		18E956892415299100DAF229 /* RobotoMono-MediumItalic.ttf in Resources */ = {isa = PBXBuildFile; fileRef = 18E9567E2415299100DAF229 /* RobotoMono-MediumItalic.ttf */; };
		18E9568A2415299100DAF229 /* RobotoMono-Bold.ttf in Resources */ = {isa = PBXBuildFile; fileRef = 18E9567F2415299100DAF229 /* RobotoMono-Bold.ttf */; };
		18E9568C2415299100DAF229 /* RobotoMono-Italic.ttf in Resources */ = {isa = PBXBuildFile; fileRef = 18E956812415299100DAF229 /* RobotoMono-Italic.ttf */; };
		18E9568D2415299100DAF229 /* RobotoMono-Thin.ttf in Resources */ = {isa = PBXBuildFile; fileRef = 18E956822415299100DAF229 /* RobotoMono-Thin.ttf */; };
		18E9569724152EC800DAF229 /* AmaticSC-Regular.ttf in Resources */ = {isa = PBXBuildFile; fileRef = 18E9569424152EC800DAF229 /* AmaticSC-Regular.ttf */; };
		18E9569824152EC800DAF229 /* AmaticSC-Bold.ttf in Resources */ = {isa = PBXBuildFile; fileRef = 18E9569524152EC800DAF229 /* AmaticSC-Bold.ttf */; };
		18E956AB2415311000DAF229 /* Teko-Bold.ttf in Resources */ = {isa = PBXBuildFile; fileRef = 18E956A52415311000DAF229 /* Teko-Bold.ttf */; };
		18E956AC2415311000DAF229 /* Teko-Medium.ttf in Resources */ = {isa = PBXBuildFile; fileRef = 18E956A62415311000DAF229 /* Teko-Medium.ttf */; };
		18E956AD2415311000DAF229 /* Teko-SemiBold.ttf in Resources */ = {isa = PBXBuildFile; fileRef = 18E956A72415311000DAF229 /* Teko-SemiBold.ttf */; };
		18E956AF2415311000DAF229 /* Teko-Regular.ttf in Resources */ = {isa = PBXBuildFile; fileRef = 18E956A92415311000DAF229 /* Teko-Regular.ttf */; };
		18E956B02415311000DAF229 /* Teko-Light.ttf in Resources */ = {isa = PBXBuildFile; fileRef = 18E956AA2415311000DAF229 /* Teko-Light.ttf */; };
		18E956B42415326400DAF229 /* Girassol-Regular.ttf in Resources */ = {isa = PBXBuildFile; fileRef = 18E956B22415326400DAF229 /* Girassol-Regular.ttf */; };
		18E956B72415333B00DAF229 /* 2018List.swift in Sources */ = {isa = PBXBuildFile; fileRef = 18E956B62415333B00DAF229 /* 2018List.swift */; };
		18E956B92415337B00DAF229 /* 2018Detail.swift in Sources */ = {isa = PBXBuildFile; fileRef = 18E956B82415337B00DAF229 /* 2018Detail.swift */; };
		18E956BB2415338C00DAF229 /* 2018Row.swift in Sources */ = {isa = PBXBuildFile; fileRef = 18E956BA2415338C00DAF229 /* 2018Row.swift */; };
		18E956C02415357200DAF229 /* 2018.json in Resources */ = {isa = PBXBuildFile; fileRef = 18E956BF2415357200DAF229 /* 2018.json */; };
		18E956C4241538B200DAF229 /* Data8.swift in Sources */ = {isa = PBXBuildFile; fileRef = 18E956C3241538B200DAF229 /* Data8.swift */; };
		18E956C6241538BE00DAF229 /* Decode8.swift in Sources */ = {isa = PBXBuildFile; fileRef = 18E956C5241538BE00DAF229 /* Decode8.swift */; };
		18E956DB2415430B00DAF229 /* 2017Detail.swift in Sources */ = {isa = PBXBuildFile; fileRef = 18E956D52415430B00DAF229 /* 2017Detail.swift */; };
		18E956DC2415430B00DAF229 /* 2017List.swift in Sources */ = {isa = PBXBuildFile; fileRef = 18E956D62415430B00DAF229 /* 2017List.swift */; };
		18E956DD2415430B00DAF229 /* Decode7.swift in Sources */ = {isa = PBXBuildFile; fileRef = 18E956D82415430B00DAF229 /* Decode7.swift */; };
		18E956DE2415430B00DAF229 /* Data7.swift in Sources */ = {isa = PBXBuildFile; fileRef = 18E956D92415430B00DAF229 /* Data7.swift */; };
		18E956DF2415430B00DAF229 /* 2017Row.swift in Sources */ = {isa = PBXBuildFile; fileRef = 18E956DA2415430B00DAF229 /* 2017Row.swift */; };
		18E956E12415444A00DAF229 /* 2017.json in Resources */ = {isa = PBXBuildFile; fileRef = 18E956E02415444A00DAF229 /* 2017.json */; };
		18EB60012418D0D800132DBF /* Lottie in Frameworks */ = {isa = PBXBuildFile; productRef = 18EB60002418D0D800132DBF /* Lottie */; };
		18F5CE80245F08F600D9D627 /* DocsView.swift in Sources */ = {isa = PBXBuildFile; fileRef = 18F5CE7F245F08F600D9D627 /* DocsView.swift */; };
/* End PBXBuildFile section */

/* Begin PBXFileReference section */
		180408C52413C703005979A5 /* Ultility.swift */ = {isa = PBXFileReference; lastKnownFileType = sourcecode.swift; path = Ultility.swift; sourceTree = "<group>"; };
		180408C72413C91D005979A5 /* OLView.swift */ = {isa = PBXFileReference; lastKnownFileType = sourcecode.swift; path = OLView.swift; sourceTree = "<group>"; };
		180408CA2413CF41005979A5 /* Oxygen-Regular.ttf */ = {isa = PBXFileReference; lastKnownFileType = file; path = "Oxygen-Regular.ttf"; sourceTree = "<group>"; };
		180408CB2413CF41005979A5 /* Oxygen-Light.ttf */ = {isa = PBXFileReference; lastKnownFileType = file; path = "Oxygen-Light.ttf"; sourceTree = "<group>"; };
		180408CC2413CF41005979A5 /* Oxygen-Bold.ttf */ = {isa = PBXFileReference; lastKnownFileType = file; path = "Oxygen-Bold.ttf"; sourceTree = "<group>"; };
		180408CE2413CF41005979A5 /* UbuntuCondensed-Regular.ttf */ = {isa = PBXFileReference; lastKnownFileType = file; path = "UbuntuCondensed-Regular.ttf"; sourceTree = "<group>"; };
		180408D12413CF41005979A5 /* Oswald-Bold.ttf */ = {isa = PBXFileReference; lastKnownFileType = file; path = "Oswald-Bold.ttf"; sourceTree = "<group>"; };
		180408D22413CF41005979A5 /* Oswald-SemiBold.ttf */ = {isa = PBXFileReference; lastKnownFileType = file; path = "Oswald-SemiBold.ttf"; sourceTree = "<group>"; };
		180408D32413CF41005979A5 /* Oswald-Medium.ttf */ = {isa = PBXFileReference; lastKnownFileType = file; path = "Oswald-Medium.ttf"; sourceTree = "<group>"; };
		180408D42413CF41005979A5 /* Oswald-Regular.ttf */ = {isa = PBXFileReference; lastKnownFileType = file; path = "Oswald-Regular.ttf"; sourceTree = "<group>"; };
		180408D52413CF41005979A5 /* Oswald-ExtraLight.ttf */ = {isa = PBXFileReference; lastKnownFileType = file; path = "Oswald-ExtraLight.ttf"; sourceTree = "<group>"; };
		180408D62413CF41005979A5 /* Oswald-Light.ttf */ = {isa = PBXFileReference; lastKnownFileType = file; path = "Oswald-Light.ttf"; sourceTree = "<group>"; };
		180408D72413CF41005979A5 /* Oswald-VariableFont_wght.ttf */ = {isa = PBXFileReference; lastKnownFileType = file; path = "Oswald-VariableFont_wght.ttf"; sourceTree = "<group>"; };
		180408E32413CFE6005979A5 /* Support.swift */ = {isa = PBXFileReference; lastKnownFileType = sourcecode.swift; path = Support.swift; sourceTree = "<group>"; };
		1813F4DE245E95400085A43D /* SampleYearView.swift */ = {isa = PBXFileReference; lastKnownFileType = sourcecode.swift; path = SampleYearView.swift; sourceTree = "<group>"; };
		18367EC524151F06004B634D /* BlogView.swift */ = {isa = PBXFileReference; lastKnownFileType = sourcecode.swift; path = BlogView.swift; sourceTree = "<group>"; };
		18468222245FDD6B0054B8D0 /* YearView.swift */ = {isa = PBXFileReference; lastKnownFileType = sourcecode.swift; path = YearView.swift; sourceTree = "<group>"; };
		1865B3DD24177CD7007DB193 /* 2019-2.json */ = {isa = PBXFileReference; lastKnownFileType = text.json; path = "2019-2.json"; sourceTree = "<group>"; };
		1865B3DF24178036007DB193 /* 2018-2.json */ = {isa = PBXFileReference; lastKnownFileType = text.json; path = "2018-2.json"; sourceTree = "<group>"; };
		1865B3E124178048007DB193 /* 2017-2.json */ = {isa = PBXFileReference; lastKnownFileType = text.json; path = "2017-2.json"; sourceTree = "<group>"; };
		1865B3E324178054007DB193 /* 2016-2.json */ = {isa = PBXFileReference; lastKnownFileType = text.json; path = "2016-2.json"; sourceTree = "<group>"; };
		1865B3E524178067007DB193 /* 2015-2.json */ = {isa = PBXFileReference; lastKnownFileType = text.json; path = "2015-2.json"; sourceTree = "<group>"; };
		1865B3E724178070007DB193 /* 2014-2.json */ = {isa = PBXFileReference; lastKnownFileType = text.json; path = "2014-2.json"; sourceTree = "<group>"; };
		1865B3E92417807B007DB193 /* 2013-2.json */ = {isa = PBXFileReference; lastKnownFileType = text.json; path = "2013-2.json"; sourceTree = "<group>"; };
		1865B3EB24178088007DB193 /* 2012-2.json */ = {isa = PBXFileReference; lastKnownFileType = text.json; path = "2012-2.json"; sourceTree = "<group>"; };
		1865B3ED24178094007DB193 /* 2011-2.json */ = {isa = PBXFileReference; lastKnownFileType = text.json; path = "2011-2.json"; sourceTree = "<group>"; };
		188F81AC241669F80043DBDB /* PastPaper.entitlements */ = {isa = PBXFileReference; lastKnownFileType = text.plist.entitlements; path = PastPaper.entitlements; sourceTree = "<group>"; };
		18B21DC52444A9CF007ECAE7 /* Home.swift */ = {isa = PBXFileReference; lastKnownFileType = sourcecode.swift; path = Home.swift; sourceTree = "<group>"; };
		18B6E24724134DE7002615DE /* PastPaperO.app */ = {isa = PBXFileReference; explicitFileType = wrapper.application; includeInIndex = 0; path = PastPaperO.app; sourceTree = BUILT_PRODUCTS_DIR; };
		18B6E24A24134DE7002615DE /* AppDelegate.swift */ = {isa = PBXFileReference; lastKnownFileType = sourcecode.swift; path = AppDelegate.swift; sourceTree = "<group>"; };
		18B6E24C24134DE7002615DE /* SceneDelegate.swift */ = {isa = PBXFileReference; lastKnownFileType = sourcecode.swift; path = SceneDelegate.swift; sourceTree = "<group>"; };
		18B6E24F24134DE7002615DE /* PastPapaer.xcdatamodel */ = {isa = PBXFileReference; lastKnownFileType = wrapper.xcdatamodel; path = PastPapaer.xcdatamodel; sourceTree = "<group>"; };
		18B6E25324134DEA002615DE /* Assets.xcassets */ = {isa = PBXFileReference; lastKnownFileType = folder.assetcatalog; path = Assets.xcassets; sourceTree = "<group>"; };
		18B6E25624134DEA002615DE /* Preview Assets.xcassets */ = {isa = PBXFileReference; lastKnownFileType = folder.assetcatalog; path = "Preview Assets.xcassets"; sourceTree = "<group>"; };
		18B6E25924134DEA002615DE /* Base */ = {isa = PBXFileReference; lastKnownFileType = file.storyboard; name = Base; path = Base.lproj/LaunchScreen.storyboard; sourceTree = "<group>"; };
		18B6E25B24134DEA002615DE /* Info.plist */ = {isa = PBXFileReference; lastKnownFileType = text.plist.xml; path = Info.plist; sourceTree = "<group>"; };
		18B6E27B24138178002615DE /* 2019List.swift */ = {isa = PBXFileReference; lastKnownFileType = sourcecode.swift; path = 2019List.swift; sourceTree = "<group>"; };
		18B6E27D241381EB002615DE /* Data.swift */ = {isa = PBXFileReference; fileEncoding = 4; lastKnownFileType = sourcecode.swift; path = Data.swift; sourceTree = "<group>"; };
		18B6E27F2413821E002615DE /* 2019Detail.swift */ = {isa = PBXFileReference; fileEncoding = 4; lastKnownFileType = sourcecode.swift; path = 2019Detail.swift; sourceTree = "<group>"; };
		18B6E2812413822C002615DE /* Decode.swift */ = {isa = PBXFileReference; fileEncoding = 4; lastKnownFileType = sourcecode.swift; path = Decode.swift; sourceTree = "<group>"; };
		18B6E28324138237002615DE /* 2019.json */ = {isa = PBXFileReference; fileEncoding = 4; lastKnownFileType = text.json; path = 2019.json; sourceTree = "<group>"; };
		18B6E28524138254002615DE /* WebViewAble.swift */ = {isa = PBXFileReference; fileEncoding = 4; lastKnownFileType = sourcecode.swift; path = WebViewAble.swift; sourceTree = "<group>"; };
		18B6E287241382C1002615DE /* 2019Row.swift */ = {isa = PBXFileReference; fileEncoding = 4; lastKnownFileType = sourcecode.swift; path = 2019Row.swift; sourceTree = "<group>"; };
		18CC130A245C12A200C22204 /* IGView.swift */ = {isa = PBXFileReference; lastKnownFileType = sourcecode.swift; path = IGView.swift; sourceTree = "<group>"; };
		18CC130C245C200600C22204 /* ALView.swift */ = {isa = PBXFileReference; lastKnownFileType = sourcecode.swift; path = ALView.swift; sourceTree = "<group>"; };
		18DB6AF124161D0C0050F099 /* 2016.json */ = {isa = PBXFileReference; lastKnownFileType = text.json; path = 2016.json; sourceTree = "<group>"; };
		18DB6AF324161D470050F099 /* 2015.json */ = {isa = PBXFileReference; lastKnownFileType = text.json; path = 2015.json; sourceTree = "<group>"; };
		18DB6AF524161D580050F099 /* 2014.json */ = {isa = PBXFileReference; lastKnownFileType = text.json; path = 2014.json; sourceTree = "<group>"; };
		18DB6AF724161D670050F099 /* 2013.json */ = {isa = PBXFileReference; lastKnownFileType = text.json; path = 2013.json; sourceTree = "<group>"; };
		18DB6AF924161D720050F099 /* 2012.json */ = {isa = PBXFileReference; lastKnownFileType = text.json; path = 2012.json; sourceTree = "<group>"; };
		18DB6AFB24161D7C0050F099 /* 2011.json */ = {isa = PBXFileReference; lastKnownFileType = text.json; path = 2011.json; sourceTree = "<group>"; };
		18DB6AFD24161DB70050F099 /* 2016D.swift */ = {isa = PBXFileReference; lastKnownFileType = sourcecode.swift; path = 2016D.swift; sourceTree = "<group>"; };
		18DB6AFF24161E380050F099 /* 2016L.swift */ = {isa = PBXFileReference; lastKnownFileType = sourcecode.swift; path = 2016L.swift; sourceTree = "<group>"; };
		18DB6B0124161E460050F099 /* 2016R.swift */ = {isa = PBXFileReference; lastKnownFileType = sourcecode.swift; path = 2016R.swift; sourceTree = "<group>"; };
		18DB6B0424161E930050F099 /* Decode6.swift */ = {isa = PBXFileReference; lastKnownFileType = sourcecode.swift; path = Decode6.swift; sourceTree = "<group>"; };
		18DB6B0624161E9D0050F099 /* Data6.swift */ = {isa = PBXFileReference; lastKnownFileType = sourcecode.swift; path = Data6.swift; sourceTree = "<group>"; };
		18DB6B0924161ECB0050F099 /* 2015D.swift */ = {isa = PBXFileReference; lastKnownFileType = sourcecode.swift; path = 2015D.swift; sourceTree = "<group>"; };
		18DB6B0B24161EDA0050F099 /* 2015L.swift */ = {isa = PBXFileReference; lastKnownFileType = sourcecode.swift; path = 2015L.swift; sourceTree = "<group>"; };
		18DB6B0D24161EE60050F099 /* 2015R.swift */ = {isa = PBXFileReference; lastKnownFileType = sourcecode.swift; path = 2015R.swift; sourceTree = "<group>"; };
		18DB6B1024161F050050F099 /* Decode5.swift */ = {isa = PBXFileReference; lastKnownFileType = sourcecode.swift; path = Decode5.swift; sourceTree = "<group>"; };
		18DB6B1224161F0E0050F099 /* Data5.swift */ = {isa = PBXFileReference; lastKnownFileType = sourcecode.swift; path = Data5.swift; sourceTree = "<group>"; };
		18DB6B1524161F640050F099 /* 2014D.swift */ = {isa = PBXFileReference; lastKnownFileType = sourcecode.swift; path = 2014D.swift; sourceTree = "<group>"; };
		18DB6B1724161F7B0050F099 /* 2014L.swift */ = {isa = PBXFileReference; lastKnownFileType = sourcecode.swift; path = 2014L.swift; sourceTree = "<group>"; };
		18DB6B1924161F860050F099 /* 2014R.swift */ = {isa = PBXFileReference; lastKnownFileType = sourcecode.swift; path = 2014R.swift; sourceTree = "<group>"; };
		18DB6B1C24161FB90050F099 /* Decode4.swift */ = {isa = PBXFileReference; lastKnownFileType = sourcecode.swift; path = Decode4.swift; sourceTree = "<group>"; };
		18DB6B1E24161FC30050F099 /* Data4.swift */ = {isa = PBXFileReference; lastKnownFileType = sourcecode.swift; path = Data4.swift; sourceTree = "<group>"; };
		18DB6B2124161FE00050F099 /* 2013D.swift */ = {isa = PBXFileReference; lastKnownFileType = sourcecode.swift; path = 2013D.swift; sourceTree = "<group>"; };
		18DB6B23241620050050F099 /* 2013L.swift */ = {isa = PBXFileReference; lastKnownFileType = sourcecode.swift; path = 2013L.swift; sourceTree = "<group>"; };
		18DB6B252416200F0050F099 /* 2013R.swift */ = {isa = PBXFileReference; lastKnownFileType = sourcecode.swift; path = 2013R.swift; sourceTree = "<group>"; };
		18DB6B272416201B0050F099 /* Decode3.swift */ = {isa = PBXFileReference; lastKnownFileType = sourcecode.swift; path = Decode3.swift; sourceTree = "<group>"; };
		18DB6B29241620250050F099 /* Data3.swift */ = {isa = PBXFileReference; lastKnownFileType = sourcecode.swift; path = Data3.swift; sourceTree = "<group>"; };
		18DB6B2D241620530050F099 /* 2012D.swift */ = {isa = PBXFileReference; lastKnownFileType = sourcecode.swift; path = 2012D.swift; sourceTree = "<group>"; };
		18DB6B2F241620690050F099 /* 2012L.swift */ = {isa = PBXFileReference; lastKnownFileType = sourcecode.swift; path = 2012L.swift; sourceTree = "<group>"; };
		18DB6B31241620710050F099 /* 2012R.swift */ = {isa = PBXFileReference; lastKnownFileType = sourcecode.swift; path = 2012R.swift; sourceTree = "<group>"; };
		18DB6B33241620880050F099 /* Decode2.swift */ = {isa = PBXFileReference; lastKnownFileType = sourcecode.swift; path = Decode2.swift; sourceTree = "<group>"; };
		18DB6B35241620930050F099 /* Data2.swift */ = {isa = PBXFileReference; lastKnownFileType = sourcecode.swift; path = Data2.swift; sourceTree = "<group>"; };
		18DB6B392416210B0050F099 /* 2011D.swift */ = {isa = PBXFileReference; lastKnownFileType = sourcecode.swift; path = 2011D.swift; sourceTree = "<group>"; };
		18DB6B3B2416211A0050F099 /* 2011L.swift */ = {isa = PBXFileReference; lastKnownFileType = sourcecode.swift; path = 2011L.swift; sourceTree = "<group>"; };
		18DB6B3D241621280050F099 /* 2011R.swift */ = {isa = PBXFileReference; lastKnownFileType = sourcecode.swift; path = 2011R.swift; sourceTree = "<group>"; };
		18DB6B3F2416213F0050F099 /* Decode1.swift */ = {isa = PBXFileReference; lastKnownFileType = sourcecode.swift; path = Decode1.swift; sourceTree = "<group>"; };
		18DB6B41241621490050F099 /* Data1.swift */ = {isa = PBXFileReference; lastKnownFileType = sourcecode.swift; path = Data1.swift; sourceTree = "<group>"; };
		18DB6B45241639710050F099 /* PlaySound.swift */ = {isa = PBXFileReference; lastKnownFileType = sourcecode.swift; path = PlaySound.swift; sourceTree = "<group>"; };
		18DB6B4724163C0A0050F099 /* Radiohead-Creep.mp3 */ = {isa = PBXFileReference; lastKnownFileType = audio.mp3; path = "Radiohead-Creep.mp3"; sourceTree = "<group>"; };
		18E956782415299100DAF229 /* RobotoMono-Medium.ttf */ = {isa = PBXFileReference; lastKnownFileType = file; path = "RobotoMono-Medium.ttf"; sourceTree = "<group>"; };
		18E956792415299100DAF229 /* RobotoMono-Regular.ttf */ = {isa = PBXFileReference; lastKnownFileType = file; path = "RobotoMono-Regular.ttf"; sourceTree = "<group>"; };
		18E9567A2415299100DAF229 /* RobotoMono-LightItalic.ttf */ = {isa = PBXFileReference; lastKnownFileType = file; path = "RobotoMono-LightItalic.ttf"; sourceTree = "<group>"; };
		18E9567B2415299100DAF229 /* RobotoMono-BoldItalic.ttf */ = {isa = PBXFileReference; lastKnownFileType = file; path = "RobotoMono-BoldItalic.ttf"; sourceTree = "<group>"; };
		18E9567C2415299100DAF229 /* RobotoMono-ThinItalic.ttf */ = {isa = PBXFileReference; lastKnownFileType = file; path = "RobotoMono-ThinItalic.ttf"; sourceTree = "<group>"; };
		18E9567D2415299100DAF229 /* RobotoMono-Light.ttf */ = {isa = PBXFileReference; lastKnownFileType = file; path = "RobotoMono-Light.ttf"; sourceTree = "<group>"; };
		18E9567E2415299100DAF229 /* RobotoMono-MediumItalic.ttf */ = {isa = PBXFileReference; lastKnownFileType = file; path = "RobotoMono-MediumItalic.ttf"; sourceTree = "<group>"; };
		18E9567F2415299100DAF229 /* RobotoMono-Bold.ttf */ = {isa = PBXFileReference; lastKnownFileType = file; path = "RobotoMono-Bold.ttf"; sourceTree = "<group>"; };
		18E956812415299100DAF229 /* RobotoMono-Italic.ttf */ = {isa = PBXFileReference; lastKnownFileType = file; path = "RobotoMono-Italic.ttf"; sourceTree = "<group>"; };
		18E956822415299100DAF229 /* RobotoMono-Thin.ttf */ = {isa = PBXFileReference; lastKnownFileType = file; path = "RobotoMono-Thin.ttf"; sourceTree = "<group>"; };
		18E9569424152EC800DAF229 /* AmaticSC-Regular.ttf */ = {isa = PBXFileReference; lastKnownFileType = file; path = "AmaticSC-Regular.ttf"; sourceTree = "<group>"; };
		18E9569524152EC800DAF229 /* AmaticSC-Bold.ttf */ = {isa = PBXFileReference; lastKnownFileType = file; path = "AmaticSC-Bold.ttf"; sourceTree = "<group>"; };
		18E956A52415311000DAF229 /* Teko-Bold.ttf */ = {isa = PBXFileReference; lastKnownFileType = file; path = "Teko-Bold.ttf"; sourceTree = "<group>"; };
		18E956A62415311000DAF229 /* Teko-Medium.ttf */ = {isa = PBXFileReference; lastKnownFileType = file; path = "Teko-Medium.ttf"; sourceTree = "<group>"; };
		18E956A72415311000DAF229 /* Teko-SemiBold.ttf */ = {isa = PBXFileReference; lastKnownFileType = file; path = "Teko-SemiBold.ttf"; sourceTree = "<group>"; };
		18E956A92415311000DAF229 /* Teko-Regular.ttf */ = {isa = PBXFileReference; lastKnownFileType = file; path = "Teko-Regular.ttf"; sourceTree = "<group>"; };
		18E956AA2415311000DAF229 /* Teko-Light.ttf */ = {isa = PBXFileReference; lastKnownFileType = file; path = "Teko-Light.ttf"; sourceTree = "<group>"; };
		18E956B22415326400DAF229 /* Girassol-Regular.ttf */ = {isa = PBXFileReference; lastKnownFileType = file; path = "Girassol-Regular.ttf"; sourceTree = "<group>"; };
		18E956B62415333B00DAF229 /* 2018List.swift */ = {isa = PBXFileReference; lastKnownFileType = sourcecode.swift; path = 2018List.swift; sourceTree = "<group>"; };
		18E956B82415337B00DAF229 /* 2018Detail.swift */ = {isa = PBXFileReference; lastKnownFileType = sourcecode.swift; path = 2018Detail.swift; sourceTree = "<group>"; };
		18E956BA2415338C00DAF229 /* 2018Row.swift */ = {isa = PBXFileReference; lastKnownFileType = sourcecode.swift; path = 2018Row.swift; sourceTree = "<group>"; };
		18E956BF2415357200DAF229 /* 2018.json */ = {isa = PBXFileReference; lastKnownFileType = text.json; path = 2018.json; sourceTree = "<group>"; };
		18E956C3241538B200DAF229 /* Data8.swift */ = {isa = PBXFileReference; lastKnownFileType = sourcecode.swift; path = Data8.swift; sourceTree = "<group>"; };
		18E956C5241538BE00DAF229 /* Decode8.swift */ = {isa = PBXFileReference; lastKnownFileType = sourcecode.swift; path = Decode8.swift; sourceTree = "<group>"; };
		18E956D52415430B00DAF229 /* 2017Detail.swift */ = {isa = PBXFileReference; fileEncoding = 4; lastKnownFileType = sourcecode.swift; path = 2017Detail.swift; sourceTree = "<group>"; };
		18E956D62415430B00DAF229 /* 2017List.swift */ = {isa = PBXFileReference; fileEncoding = 4; lastKnownFileType = sourcecode.swift; path = 2017List.swift; sourceTree = "<group>"; };
		18E956D82415430B00DAF229 /* Decode7.swift */ = {isa = PBXFileReference; fileEncoding = 4; lastKnownFileType = sourcecode.swift; path = Decode7.swift; sourceTree = "<group>"; };
		18E956D92415430B00DAF229 /* Data7.swift */ = {isa = PBXFileReference; fileEncoding = 4; lastKnownFileType = sourcecode.swift; path = Data7.swift; sourceTree = "<group>"; };
		18E956DA2415430B00DAF229 /* 2017Row.swift */ = {isa = PBXFileReference; fileEncoding = 4; lastKnownFileType = sourcecode.swift; path = 2017Row.swift; sourceTree = "<group>"; };
		18E956E02415444A00DAF229 /* 2017.json */ = {isa = PBXFileReference; lastKnownFileType = text.json; path = 2017.json; sourceTree = "<group>"; };
		18F5CE7F245F08F600D9D627 /* DocsView.swift */ = {isa = PBXFileReference; lastKnownFileType = sourcecode.swift; path = DocsView.swift; sourceTree = "<group>"; };
/* End PBXFileReference section */

/* Begin PBXFrameworksBuildPhase section */
		18B6E24424134DE7002615DE /* Frameworks */ = {
			isa = PBXFrameworksBuildPhase;
			buildActionMask = 2147483647;
			files = (
				18EB60012418D0D800132DBF /* Lottie in Frameworks */,
			);
			runOnlyForDeploymentPostprocessing = 0;
		};
/* End PBXFrameworksBuildPhase section */

/* Begin PBXGroup section */
		180408C92413CF41005979A5 /* Oxygen */ = {
			isa = PBXGroup;
			children = (
				180408CA2413CF41005979A5 /* Oxygen-Regular.ttf */,
				180408CB2413CF41005979A5 /* Oxygen-Light.ttf */,
				180408CC2413CF41005979A5 /* Oxygen-Bold.ttf */,
			);
			path = Oxygen;
			sourceTree = "<group>";
		};
		180408CD2413CF41005979A5 /* Ubuntu_Condensed */ = {
			isa = PBXGroup;
			children = (
				180408CE2413CF41005979A5 /* UbuntuCondensed-Regular.ttf */,
			);
			path = Ubuntu_Condensed;
			sourceTree = "<group>";
		};
		180408CF2413CF41005979A5 /* Oswald */ = {
			isa = PBXGroup;
			children = (
				180408D02413CF41005979A5 /* static */,
				180408D72413CF41005979A5 /* Oswald-VariableFont_wght.ttf */,
			);
			path = Oswald;
			sourceTree = "<group>";
		};
		180408D02413CF41005979A5 /* static */ = {
			isa = PBXGroup;
			children = (
				180408D12413CF41005979A5 /* Oswald-Bold.ttf */,
				180408D22413CF41005979A5 /* Oswald-SemiBold.ttf */,
				180408D32413CF41005979A5 /* Oswald-Medium.ttf */,
				180408D42413CF41005979A5 /* Oswald-Regular.ttf */,
				180408D52413CF41005979A5 /* Oswald-ExtraLight.ttf */,
				180408D62413CF41005979A5 /* Oswald-Light.ttf */,
			);
			path = static;
			sourceTree = "<group>";
		};
		188F81AD24166A750043DBDB /* Frameworks */ = {
			isa = PBXGroup;
			children = (
			);
			name = Frameworks;
			sourceTree = "<group>";
		};
		18B6E23E24134DE7002615DE = {
			isa = PBXGroup;
			children = (
				18B6E24924134DE7002615DE /* PastPapaer */,
				18B6E24824134DE7002615DE /* Products */,
				188F81AD24166A750043DBDB /* Frameworks */,
			);
			sourceTree = "<group>";
		};
		18B6E24824134DE7002615DE /* Products */ = {
			isa = PBXGroup;
			children = (
				18B6E24724134DE7002615DE /* PastPaperO.app */,
			);
			name = Products;
			sourceTree = "<group>";
		};
		18B6E24924134DE7002615DE /* PastPapaer */ = {
			isa = PBXGroup;
			children = (
				18DB6B43241621500050F099 /* 2011 */,
				18DB6B372416209E0050F099 /* 2012 */,
				18DB6B2C2416203D0050F099 /* 2013 */,
				18DB6B1B24161FAD0050F099 /* 2014 */,
				18DB6B0F24161EEB0050F099 /* 2015 */,
				18DB6B0324161E760050F099 /* 2016 */,
				18E956D42415430B00DAF229 /* 2017 */,
				18E956BC241533A700DAF229 /* 2018 */,
				18CF47882414A436006F01FA /* 2019 */,
				18CF478A2414A52E006F01FA /* Delegate */,
				18367EC524151F06004B634D /* BlogView.swift */,
				18DB6B45241639710050F099 /* PlaySound.swift */,
				180408E32413CFE6005979A5 /* Support.swift */,
				18B21DC52444A9CF007ECAE7 /* Home.swift */,
				180408C72413C91D005979A5 /* OLView.swift */,
				18CC130A245C12A200C22204 /* IGView.swift */,
				18CC130C245C200600C22204 /* ALView.swift */,
				18468222245FDD6B0054B8D0 /* YearView.swift */,
				18F5CE7F245F08F600D9D627 /* DocsView.swift */,
				18CF47892414A4FD006F01FA /* Source */,
				18E956C1241535A800DAF229 /* JSON */,
				18B6E25324134DEA002615DE /* Assets.xcassets */,
				18B6E25824134DEA002615DE /* LaunchScreen.storyboard */,
				18B6E25B24134DEA002615DE /* Info.plist */,
				188F81AC241669F80043DBDB /* PastPaper.entitlements */,
				18B6E24E24134DE7002615DE /* PastPapaer.xcdatamodeld */,
				18DB6B4724163C0A0050F099 /* Radiohead-Creep.mp3 */,
				18E956B12415326400DAF229 /* Girassol */,
				18E956A42415311000DAF229 /* Teko */,
				18E9569324152EC800DAF229 /* Amatic_SC */,
				18E956772415299100DAF229 /* Roboto_Mono */,
				180408CF2413CF41005979A5 /* Oswald */,
				180408C92413CF41005979A5 /* Oxygen */,
				180408CD2413CF41005979A5 /* Ubuntu_Condensed */,
				18B6E25524134DEA002615DE /* Preview Content */,
			);
			path = PastPapaer;
			sourceTree = "<group>";
		};
		18B6E25524134DEA002615DE /* Preview Content */ = {
			isa = PBXGroup;
			children = (
				18B6E25624134DEA002615DE /* Preview Assets.xcassets */,
			);
			path = "Preview Content";
			sourceTree = "<group>";
		};
		18CF47882414A436006F01FA /* 2019 */ = {
			isa = PBXGroup;
			children = (
				18B6E27B24138178002615DE /* 2019List.swift */,
				18B6E27F2413821E002615DE /* 2019Detail.swift */,
				18B6E287241382C1002615DE /* 2019Row.swift */,
				18E956C22415387B00DAF229 /* 2019Data */,
			);
			path = 2019;
			sourceTree = "<group>";
		};
		18CF47892414A4FD006F01FA /* Source */ = {
			isa = PBXGroup;
			children = (
				18E956BD241533D600DAF229 /* Extra */,
			);
			path = Source;
			sourceTree = "<group>";
		};
		18CF478A2414A52E006F01FA /* Delegate */ = {
			isa = PBXGroup;
			children = (
				18B6E24A24134DE7002615DE /* AppDelegate.swift */,
				18B6E24C24134DE7002615DE /* SceneDelegate.swift */,
			);
			path = Delegate;
			sourceTree = "<group>";
		};
		18DB6B0324161E760050F099 /* 2016 */ = {
			isa = PBXGroup;
			children = (
				18DB6AFD24161DB70050F099 /* 2016D.swift */,
				18DB6AFF24161E380050F099 /* 2016L.swift */,
				18DB6B0124161E460050F099 /* 2016R.swift */,
				18DB6B0824161EA40050F099 /* 2016Data */,
			);
			path = 2016;
			sourceTree = "<group>";
		};
		18DB6B0824161EA40050F099 /* 2016Data */ = {
			isa = PBXGroup;
			children = (
				18DB6B0624161E9D0050F099 /* Data6.swift */,
				18DB6B0424161E930050F099 /* Decode6.swift */,
			);
			path = 2016Data;
			sourceTree = "<group>";
		};
		18DB6B0F24161EEB0050F099 /* 2015 */ = {
			isa = PBXGroup;
			children = (
				18DB6B0924161ECB0050F099 /* 2015D.swift */,
				18DB6B0B24161EDA0050F099 /* 2015L.swift */,
				18DB6B0D24161EE60050F099 /* 2015R.swift */,
				18DB6B1424161F150050F099 /* 2015Data */,
			);
			path = 2015;
			sourceTree = "<group>";
		};
		18DB6B1424161F150050F099 /* 2015Data */ = {
			isa = PBXGroup;
			children = (
				18DB6B1024161F050050F099 /* Decode5.swift */,
				18DB6B1224161F0E0050F099 /* Data5.swift */,
			);
			path = 2015Data;
			sourceTree = "<group>";
		};
		18DB6B1B24161FAD0050F099 /* 2014 */ = {
			isa = PBXGroup;
			children = (
				18DB6B1524161F640050F099 /* 2014D.swift */,
				18DB6B1724161F7B0050F099 /* 2014L.swift */,
				18DB6B1924161F860050F099 /* 2014R.swift */,
				18DB6B2024161FCC0050F099 /* 2014Data */,
			);
			path = 2014;
			sourceTree = "<group>";
		};
		18DB6B2024161FCC0050F099 /* 2014Data */ = {
			isa = PBXGroup;
			children = (
				18DB6B1C24161FB90050F099 /* Decode4.swift */,
				18DB6B1E24161FC30050F099 /* Data4.swift */,
			);
			path = 2014Data;
			sourceTree = "<group>";
		};
		18DB6B2B2416202E0050F099 /* 2013Data */ = {
			isa = PBXGroup;
			children = (
				18DB6B272416201B0050F099 /* Decode3.swift */,
				18DB6B29241620250050F099 /* Data3.swift */,
			);
			path = 2013Data;
			sourceTree = "<group>";
		};
		18DB6B2C2416203D0050F099 /* 2013 */ = {
			isa = PBXGroup;
			children = (
				18DB6B2124161FE00050F099 /* 2013D.swift */,
				18DB6B23241620050050F099 /* 2013L.swift */,
				18DB6B252416200F0050F099 /* 2013R.swift */,
				18DB6B2B2416202E0050F099 /* 2013Data */,
			);
			path = 2013;
			sourceTree = "<group>";
		};
		18DB6B372416209E0050F099 /* 2012 */ = {
			isa = PBXGroup;
			children = (
				18DB6B2D241620530050F099 /* 2012D.swift */,
				18DB6B2F241620690050F099 /* 2012L.swift */,
				18DB6B31241620710050F099 /* 2012R.swift */,
				18DB6B38241620AB0050F099 /* 2012Data */,
			);
			path = 2012;
			sourceTree = "<group>";
		};
		18DB6B38241620AB0050F099 /* 2012Data */ = {
			isa = PBXGroup;
			children = (
				18DB6B33241620880050F099 /* Decode2.swift */,
				18DB6B35241620930050F099 /* Data2.swift */,
			);
			path = 2012Data;
			sourceTree = "<group>";
		};
		18DB6B43241621500050F099 /* 2011 */ = {
			isa = PBXGroup;
			children = (
				18DB6B392416210B0050F099 /* 2011D.swift */,
				18DB6B3B2416211A0050F099 /* 2011L.swift */,
				18DB6B3D241621280050F099 /* 2011R.swift */,
				18DB6B44241621570050F099 /* 2011Data */,
			);
			path = 2011;
			sourceTree = "<group>";
		};
		18DB6B44241621570050F099 /* 2011Data */ = {
			isa = PBXGroup;
			children = (
				18DB6B3F2416213F0050F099 /* Decode1.swift */,
				18DB6B41241621490050F099 /* Data1.swift */,
			);
			path = 2011Data;
			sourceTree = "<group>";
		};
		18E956772415299100DAF229 /* Roboto_Mono */ = {
			isa = PBXGroup;
			children = (
				18E956782415299100DAF229 /* RobotoMono-Medium.ttf */,
				18E956792415299100DAF229 /* RobotoMono-Regular.ttf */,
				18E9567A2415299100DAF229 /* RobotoMono-LightItalic.ttf */,
				18E9567B2415299100DAF229 /* RobotoMono-BoldItalic.ttf */,
				18E9567C2415299100DAF229 /* RobotoMono-ThinItalic.ttf */,
				18E9567D2415299100DAF229 /* RobotoMono-Light.ttf */,
				18E9567E2415299100DAF229 /* RobotoMono-MediumItalic.ttf */,
				18E9567F2415299100DAF229 /* RobotoMono-Bold.ttf */,
				18E956812415299100DAF229 /* RobotoMono-Italic.ttf */,
				18E956822415299100DAF229 /* RobotoMono-Thin.ttf */,
			);
			path = Roboto_Mono;
			sourceTree = "<group>";
		};
		18E9569324152EC800DAF229 /* Amatic_SC */ = {
			isa = PBXGroup;
			children = (
				18E9569424152EC800DAF229 /* AmaticSC-Regular.ttf */,
				18E9569524152EC800DAF229 /* AmaticSC-Bold.ttf */,
			);
			path = Amatic_SC;
			sourceTree = "<group>";
		};
		18E956A42415311000DAF229 /* Teko */ = {
			isa = PBXGroup;
			children = (
				18E956A52415311000DAF229 /* Teko-Bold.ttf */,
				18E956A62415311000DAF229 /* Teko-Medium.ttf */,
				18E956A72415311000DAF229 /* Teko-SemiBold.ttf */,
				18E956A92415311000DAF229 /* Teko-Regular.ttf */,
				18E956AA2415311000DAF229 /* Teko-Light.ttf */,
			);
			path = Teko;
			sourceTree = "<group>";
		};
		18E956B12415326400DAF229 /* Girassol */ = {
			isa = PBXGroup;
			children = (
				18E956B22415326400DAF229 /* Girassol-Regular.ttf */,
			);
			path = Girassol;
			sourceTree = "<group>";
		};
		18E956BC241533A700DAF229 /* 2018 */ = {
			isa = PBXGroup;
			children = (
				18E956B62415333B00DAF229 /* 2018List.swift */,
				18E956B82415337B00DAF229 /* 2018Detail.swift */,
				18E956BA2415338C00DAF229 /* 2018Row.swift */,
				18E956C7241538C700DAF229 /* 2018Data */,
			);
			path = 2018;
			sourceTree = "<group>";
		};
		18E956BD241533D600DAF229 /* Extra */ = {
			isa = PBXGroup;
			children = (
				1813F4DE245E95400085A43D /* SampleYearView.swift */,
				180408C52413C703005979A5 /* Ultility.swift */,
				18B6E28524138254002615DE /* WebViewAble.swift */,
			);
			path = Extra;
			sourceTree = "<group>";
		};
		18E956C1241535A800DAF229 /* JSON */ = {
			isa = PBXGroup;
			children = (
				18B6E28324138237002615DE /* 2019.json */,
				1865B3DD24177CD7007DB193 /* 2019-2.json */,
				18E956BF2415357200DAF229 /* 2018.json */,
				1865B3DF24178036007DB193 /* 2018-2.json */,
				18E956E02415444A00DAF229 /* 2017.json */,
				1865B3E124178048007DB193 /* 2017-2.json */,
				18DB6AF124161D0C0050F099 /* 2016.json */,
				1865B3E324178054007DB193 /* 2016-2.json */,
				18DB6AF324161D470050F099 /* 2015.json */,
				1865B3E524178067007DB193 /* 2015-2.json */,
				18DB6AF524161D580050F099 /* 2014.json */,
				1865B3E724178070007DB193 /* 2014-2.json */,
				18DB6AF724161D670050F099 /* 2013.json */,
				1865B3E92417807B007DB193 /* 2013-2.json */,
				18DB6AF924161D720050F099 /* 2012.json */,
				1865B3EB24178088007DB193 /* 2012-2.json */,
				18DB6AFB24161D7C0050F099 /* 2011.json */,
				1865B3ED24178094007DB193 /* 2011-2.json */,
			);
			path = JSON;
			sourceTree = "<group>";
		};
		18E956C22415387B00DAF229 /* 2019Data */ = {
			isa = PBXGroup;
			children = (
				18B6E27D241381EB002615DE /* Data.swift */,
				18B6E2812413822C002615DE /* Decode.swift */,
			);
			path = 2019Data;
			sourceTree = "<group>";
		};
		18E956C7241538C700DAF229 /* 2018Data */ = {
			isa = PBXGroup;
			children = (
				18E956C3241538B200DAF229 /* Data8.swift */,
				18E956C5241538BE00DAF229 /* Decode8.swift */,
			);
			path = 2018Data;
			sourceTree = "<group>";
		};
		18E956D42415430B00DAF229 /* 2017 */ = {
			isa = PBXGroup;
			children = (
				18E956D52415430B00DAF229 /* 2017Detail.swift */,
				18E956D62415430B00DAF229 /* 2017List.swift */,
				18E956DA2415430B00DAF229 /* 2017Row.swift */,
				18E956D72415430B00DAF229 /* 2017Data */,
			);
			path = 2017;
			sourceTree = "<group>";
		};
		18E956D72415430B00DAF229 /* 2017Data */ = {
			isa = PBXGroup;
			children = (
				18E956D92415430B00DAF229 /* Data7.swift */,
				18E956D82415430B00DAF229 /* Decode7.swift */,
			);
			path = 2017Data;
			sourceTree = "<group>";
		};
/* End PBXGroup section */

/* Begin PBXNativeTarget section */
		18B6E24624134DE7002615DE /* PastPapaer */ = {
			isa = PBXNativeTarget;
			buildConfigurationList = 18B6E25E24134DEA002615DE /* Build configuration list for PBXNativeTarget "PastPapaer" */;
			buildPhases = (
				18B6E24324134DE7002615DE /* Sources */,
				18B6E24424134DE7002615DE /* Frameworks */,
				18B6E24524134DE7002615DE /* Resources */,
			);
			buildRules = (
			);
			dependencies = (
			);
			name = PastPapaer;
			packageProductDependencies = (
				18EB60002418D0D800132DBF /* Lottie */,
			);
			productName = PastPapaer;
			productReference = 18B6E24724134DE7002615DE /* PastPaperO.app */;
			productType = "com.apple.product-type.application";
		};
/* End PBXNativeTarget section */

/* Begin PBXProject section */
		18B6E23F24134DE7002615DE /* Project object */ = {
			isa = PBXProject;
			attributes = {
				LastSwiftUpdateCheck = 1130;
				LastUpgradeCheck = 1130;
				ORGANIZATIONNAME = Rhapsody;
				TargetAttributes = {
					18B6E24624134DE7002615DE = {
						CreatedOnToolsVersion = 11.3.1;
					};
				};
			};
			buildConfigurationList = 18B6E24224134DE7002615DE /* Build configuration list for PBXProject "PastPapaer" */;
			compatibilityVersion = "Xcode 9.3";
			developmentRegion = en;
			hasScannedForEncodings = 0;
			knownRegions = (
				en,
				Base,
			);
			mainGroup = 18B6E23E24134DE7002615DE;
			packageReferences = (
				18EB5FFF2418D0D800132DBF /* XCRemoteSwiftPackageReference "lottie-ios" */,
			);
			productRefGroup = 18B6E24824134DE7002615DE /* Products */;
			projectDirPath = "";
			projectRoot = "";
			targets = (
				18B6E24624134DE7002615DE /* PastPapaer */,
			);
		};
/* End PBXProject section */

/* Begin PBXResourcesBuildPhase section */
		18B6E24524134DE7002615DE /* Resources */ = {
			isa = PBXResourcesBuildPhase;
			buildActionMask = 2147483647;
			files = (
				18E956C02415357200DAF229 /* 2018.json in Resources */,
				18E956862415299100DAF229 /* RobotoMono-BoldItalic.ttf in Resources */,
				18DB6AF624161D580050F099 /* 2014.json in Resources */,
				18E956892415299100DAF229 /* RobotoMono-MediumItalic.ttf in Resources */,
				18B6E25A24134DEA002615DE /* LaunchScreen.storyboard in Resources */,
				1865B3EE24178094007DB193 /* 2011-2.json in Resources */,
				180408DD2413CF41005979A5 /* Oswald-SemiBold.ttf in Resources */,
				1865B3DE24177CD7007DB193 /* 2019-2.json in Resources */,
				180408D92413CF41005979A5 /* Oxygen-Light.ttf in Resources */,
				180408E12413CF41005979A5 /* Oswald-Light.ttf in Resources */,
				1865B3E424178054007DB193 /* 2016-2.json in Resources */,
				18E956AB2415311000DAF229 /* Teko-Bold.ttf in Resources */,
				18E956872415299100DAF229 /* RobotoMono-ThinItalic.ttf in Resources */,
				18E956AD2415311000DAF229 /* Teko-SemiBold.ttf in Resources */,
				18B6E28424138237002615DE /* 2019.json in Resources */,
				18E956852415299100DAF229 /* RobotoMono-LightItalic.ttf in Resources */,
				1865B3EC24178088007DB193 /* 2012-2.json in Resources */,
				180408E02413CF41005979A5 /* Oswald-ExtraLight.ttf in Resources */,
				18DB6AFA24161D720050F099 /* 2012.json in Resources */,
				18E956882415299100DAF229 /* RobotoMono-Light.ttf in Resources */,
				18B6E25724134DEA002615DE /* Preview Assets.xcassets in Resources */,
				18DB6AF424161D470050F099 /* 2015.json in Resources */,
				18E9569724152EC800DAF229 /* AmaticSC-Regular.ttf in Resources */,
				18E956B02415311000DAF229 /* Teko-Light.ttf in Resources */,
				18DB6AF824161D670050F099 /* 2013.json in Resources */,
				18E9569824152EC800DAF229 /* AmaticSC-Bold.ttf in Resources */,
				180408DB2413CF41005979A5 /* UbuntuCondensed-Regular.ttf in Resources */,
				180408E22413CF41005979A5 /* Oswald-VariableFont_wght.ttf in Resources */,
				1865B3E024178036007DB193 /* 2018-2.json in Resources */,
				18E956842415299100DAF229 /* RobotoMono-Regular.ttf in Resources */,
				180408DC2413CF41005979A5 /* Oswald-Bold.ttf in Resources */,
				18DB6AF224161D0C0050F099 /* 2016.json in Resources */,
				180408DF2413CF41005979A5 /* Oswald-Regular.ttf in Resources */,
				180408DE2413CF41005979A5 /* Oswald-Medium.ttf in Resources */,
				1865B3E624178067007DB193 /* 2015-2.json in Resources */,
				18E9568C2415299100DAF229 /* RobotoMono-Italic.ttf in Resources */,
				180408DA2413CF41005979A5 /* Oxygen-Bold.ttf in Resources */,
				18E956832415299100DAF229 /* RobotoMono-Medium.ttf in Resources */,
				18DB6AFC24161D7C0050F099 /* 2011.json in Resources */,
				1865B3E224178048007DB193 /* 2017-2.json in Resources */,
				18E956B42415326400DAF229 /* Girassol-Regular.ttf in Resources */,
				180408D82413CF41005979A5 /* Oxygen-Regular.ttf in Resources */,
				18E956AC2415311000DAF229 /* Teko-Medium.ttf in Resources */,
				1865B3E824178070007DB193 /* 2014-2.json in Resources */,
				18DB6B4824163C0A0050F099 /* Radiohead-Creep.mp3 in Resources */,
				18E9568A2415299100DAF229 /* RobotoMono-Bold.ttf in Resources */,
				18B6E25424134DEA002615DE /* Assets.xcassets in Resources */,
				1865B3EA2417807B007DB193 /* 2013-2.json in Resources */,
				18E956AF2415311000DAF229 /* Teko-Regular.ttf in Resources */,
				18E9568D2415299100DAF229 /* RobotoMono-Thin.ttf in Resources */,
				18E956E12415444A00DAF229 /* 2017.json in Resources */,
			);
			runOnlyForDeploymentPostprocessing = 0;
		};
/* End PBXResourcesBuildPhase section */

/* Begin PBXSourcesBuildPhase section */
		18B6E24324134DE7002615DE /* Sources */ = {
			isa = PBXSourcesBuildPhase;
			buildActionMask = 2147483647;
			files = (
				18DB6B3A2416210B0050F099 /* 2011D.swift in Sources */,
				1813F4DF245E95400085A43D /* SampleYearView.swift in Sources */,
				18468223245FDD6B0054B8D0 /* YearView.swift in Sources */,
				18DB6B0E24161EE60050F099 /* 2015R.swift in Sources */,
				18DB6B1824161F7B0050F099 /* 2014L.swift in Sources */,
				18B6E27E241381EB002615DE /* Data.swift in Sources */,
				18DB6B1A24161F860050F099 /* 2014R.swift in Sources */,
				18B6E27C24138178002615DE /* 2019List.swift in Sources */,
				18DB6B0524161E930050F099 /* Decode6.swift in Sources */,
				180408C62413C703005979A5 /* Ultility.swift in Sources */,
				18DB6B0A24161ECB0050F099 /* 2015D.swift in Sources */,
				18CC130D245C200600C22204 /* ALView.swift in Sources */,
				18DB6B36241620930050F099 /* Data2.swift in Sources */,
				18DB6B1324161F0E0050F099 /* Data5.swift in Sources */,
				18DB6B3E241621280050F099 /* 2011R.swift in Sources */,
				18E956DC2415430B00DAF229 /* 2017List.swift in Sources */,
				18DB6B1624161F640050F099 /* 2014D.swift in Sources */,
				18DB6B46241639710050F099 /* PlaySound.swift in Sources */,
				18B6E24B24134DE7002615DE /* AppDelegate.swift in Sources */,
				18CC130B245C12A200C22204 /* IGView.swift in Sources */,
				18E956C6241538BE00DAF229 /* Decode8.swift in Sources */,
				180408C82413C91D005979A5 /* OLView.swift in Sources */,
				18B6E2802413821E002615DE /* 2019Detail.swift in Sources */,
				18DB6B0024161E380050F099 /* 2016L.swift in Sources */,
				18DB6B1124161F050050F099 /* Decode5.swift in Sources */,
				18DB6AFE24161DB70050F099 /* 2016D.swift in Sources */,
				18B6E2822413822D002615DE /* Decode.swift in Sources */,
				18B6E24D24134DE7002615DE /* SceneDelegate.swift in Sources */,
				18367EC624151F06004B634D /* BlogView.swift in Sources */,
				18DB6B1D24161FB90050F099 /* Decode4.swift in Sources */,
				18E956B72415333B00DAF229 /* 2018List.swift in Sources */,
				18DB6B2224161FE00050F099 /* 2013D.swift in Sources */,
				18B6E25024134DE7002615DE /* PastPapaer.xcdatamodeld in Sources */,
				18B21DC62444A9CF007ECAE7 /* Home.swift in Sources */,
				18E956DD2415430B00DAF229 /* Decode7.swift in Sources */,
				18E956BB2415338C00DAF229 /* 2018Row.swift in Sources */,
				18E956DF2415430B00DAF229 /* 2017Row.swift in Sources */,
				18DB6B3C2416211A0050F099 /* 2011L.swift in Sources */,
				18E956B92415337B00DAF229 /* 2018Detail.swift in Sources */,
				18DB6B402416213F0050F099 /* Decode1.swift in Sources */,
				18E956DB2415430B00DAF229 /* 2017Detail.swift in Sources */,
				18DB6B0224161E460050F099 /* 2016R.swift in Sources */,
				18DB6B282416201B0050F099 /* Decode3.swift in Sources */,
				18E956C4241538B200DAF229 /* Data8.swift in Sources */,
				18DB6B2E241620530050F099 /* 2012D.swift in Sources */,
				18DB6B30241620690050F099 /* 2012L.swift in Sources */,
				18F5CE80245F08F600D9D627 /* DocsView.swift in Sources */,
				180408E42413CFE6005979A5 /* Support.swift in Sources */,
				18DB6B262416200F0050F099 /* 2013R.swift in Sources */,
				18DB6B0C24161EDA0050F099 /* 2015L.swift in Sources */,
				18B6E288241382C1002615DE /* 2019Row.swift in Sources */,
				18DB6B42241621490050F099 /* Data1.swift in Sources */,
				18DB6B32241620710050F099 /* 2012R.swift in Sources */,
				18B6E28624138254002615DE /* WebViewAble.swift in Sources */,
				18DB6B2A241620250050F099 /* Data3.swift in Sources */,
				18DB6B1F24161FC30050F099 /* Data4.swift in Sources */,
				18E956DE2415430B00DAF229 /* Data7.swift in Sources */,
				18DB6B24241620050050F099 /* 2013L.swift in Sources */,
				18DB6B34241620880050F099 /* Decode2.swift in Sources */,
				18DB6B0724161E9D0050F099 /* Data6.swift in Sources */,
			);
			runOnlyForDeploymentPostprocessing = 0;
		};
/* End PBXSourcesBuildPhase section */

/* Begin PBXVariantGroup section */
		18B6E25824134DEA002615DE /* LaunchScreen.storyboard */ = {
			isa = PBXVariantGroup;
			children = (
				18B6E25924134DEA002615DE /* Base */,
			);
			name = LaunchScreen.storyboard;
			sourceTree = "<group>";
		};
/* End PBXVariantGroup section */

/* Begin XCBuildConfiguration section */
		18B6E25C24134DEA002615DE /* Debug */ = {
			isa = XCBuildConfiguration;
			buildSettings = {
				ALWAYS_SEARCH_USER_PATHS = NO;
				CLANG_ANALYZER_NONNULL = YES;
				CLANG_ANALYZER_NUMBER_OBJECT_CONVERSION = YES_AGGRESSIVE;
				CLANG_CXX_LANGUAGE_STANDARD = "gnu++14";
				CLANG_CXX_LIBRARY = "libc++";
				CLANG_ENABLE_MODULES = YES;
				CLANG_ENABLE_OBJC_ARC = YES;
				CLANG_ENABLE_OBJC_WEAK = YES;
				CLANG_WARN_BLOCK_CAPTURE_AUTORELEASING = YES;
				CLANG_WARN_BOOL_CONVERSION = YES;
				CLANG_WARN_COMMA = YES;
				CLANG_WARN_CONSTANT_CONVERSION = YES;
				CLANG_WARN_DEPRECATED_OBJC_IMPLEMENTATIONS = YES;
				CLANG_WARN_DIRECT_OBJC_ISA_USAGE = YES_ERROR;
				CLANG_WARN_DOCUMENTATION_COMMENTS = YES;
				CLANG_WARN_EMPTY_BODY = YES;
				CLANG_WARN_ENUM_CONVERSION = YES;
				CLANG_WARN_INFINITE_RECURSION = YES;
				CLANG_WARN_INT_CONVERSION = YES;
				CLANG_WARN_NON_LITERAL_NULL_CONVERSION = YES;
				CLANG_WARN_OBJC_IMPLICIT_RETAIN_SELF = YES;
				CLANG_WARN_OBJC_LITERAL_CONVERSION = YES;
				CLANG_WARN_OBJC_ROOT_CLASS = YES_ERROR;
				CLANG_WARN_RANGE_LOOP_ANALYSIS = YES;
				CLANG_WARN_STRICT_PROTOTYPES = YES;
				CLANG_WARN_SUSPICIOUS_MOVE = YES;
				CLANG_WARN_UNGUARDED_AVAILABILITY = YES_AGGRESSIVE;
				CLANG_WARN_UNREACHABLE_CODE = YES;
				CLANG_WARN__DUPLICATE_METHOD_MATCH = YES;
				COPY_PHASE_STRIP = NO;
				DEBUG_INFORMATION_FORMAT = dwarf;
				ENABLE_STRICT_OBJC_MSGSEND = YES;
				ENABLE_TESTABILITY = YES;
				GCC_C_LANGUAGE_STANDARD = gnu11;
				GCC_DYNAMIC_NO_PIC = NO;
				GCC_NO_COMMON_BLOCKS = YES;
				GCC_OPTIMIZATION_LEVEL = 0;
				GCC_PREPROCESSOR_DEFINITIONS = (
					"DEBUG=1",
					"$(inherited)",
				);
				GCC_WARN_64_TO_32_BIT_CONVERSION = YES;
				GCC_WARN_ABOUT_RETURN_TYPE = YES_ERROR;
				GCC_WARN_UNDECLARED_SELECTOR = YES;
				GCC_WARN_UNINITIALIZED_AUTOS = YES_AGGRESSIVE;
				GCC_WARN_UNUSED_FUNCTION = YES;
				GCC_WARN_UNUSED_VARIABLE = YES;
				IPHONEOS_DEPLOYMENT_TARGET = 13.2;
				MTL_ENABLE_DEBUG_INFO = INCLUDE_SOURCE;
				MTL_FAST_MATH = YES;
				ONLY_ACTIVE_ARCH = YES;
				SDKROOT = iphoneos;
				SWIFT_ACTIVE_COMPILATION_CONDITIONS = DEBUG;
				SWIFT_OPTIMIZATION_LEVEL = "-Onone";
			};
			name = Debug;
		};
		18B6E25D24134DEA002615DE /* Release */ = {
			isa = XCBuildConfiguration;
			buildSettings = {
				ALWAYS_SEARCH_USER_PATHS = NO;
				CLANG_ANALYZER_NONNULL = YES;
				CLANG_ANALYZER_NUMBER_OBJECT_CONVERSION = YES_AGGRESSIVE;
				CLANG_CXX_LANGUAGE_STANDARD = "gnu++14";
				CLANG_CXX_LIBRARY = "libc++";
				CLANG_ENABLE_MODULES = YES;
				CLANG_ENABLE_OBJC_ARC = YES;
				CLANG_ENABLE_OBJC_WEAK = YES;
				CLANG_WARN_BLOCK_CAPTURE_AUTORELEASING = YES;
				CLANG_WARN_BOOL_CONVERSION = YES;
				CLANG_WARN_COMMA = YES;
				CLANG_WARN_CONSTANT_CONVERSION = YES;
				CLANG_WARN_DEPRECATED_OBJC_IMPLEMENTATIONS = YES;
				CLANG_WARN_DIRECT_OBJC_ISA_USAGE = YES_ERROR;
				CLANG_WARN_DOCUMENTATION_COMMENTS = YES;
				CLANG_WARN_EMPTY_BODY = YES;
				CLANG_WARN_ENUM_CONVERSION = YES;
				CLANG_WARN_INFINITE_RECURSION = YES;
				CLANG_WARN_INT_CONVERSION = YES;
				CLANG_WARN_NON_LITERAL_NULL_CONVERSION = YES;
				CLANG_WARN_OBJC_IMPLICIT_RETAIN_SELF = YES;
				CLANG_WARN_OBJC_LITERAL_CONVERSION = YES;
				CLANG_WARN_OBJC_ROOT_CLASS = YES_ERROR;
				CLANG_WARN_RANGE_LOOP_ANALYSIS = YES;
				CLANG_WARN_STRICT_PROTOTYPES = YES;
				CLANG_WARN_SUSPICIOUS_MOVE = YES;
				CLANG_WARN_UNGUARDED_AVAILABILITY = YES_AGGRESSIVE;
				CLANG_WARN_UNREACHABLE_CODE = YES;
				CLANG_WARN__DUPLICATE_METHOD_MATCH = YES;
				COPY_PHASE_STRIP = NO;
				DEBUG_INFORMATION_FORMAT = "dwarf-with-dsym";
				ENABLE_NS_ASSERTIONS = NO;
				ENABLE_STRICT_OBJC_MSGSEND = YES;
				GCC_C_LANGUAGE_STANDARD = gnu11;
				GCC_NO_COMMON_BLOCKS = YES;
				GCC_WARN_64_TO_32_BIT_CONVERSION = YES;
				GCC_WARN_ABOUT_RETURN_TYPE = YES_ERROR;
				GCC_WARN_UNDECLARED_SELECTOR = YES;
				GCC_WARN_UNINITIALIZED_AUTOS = YES_AGGRESSIVE;
				GCC_WARN_UNUSED_FUNCTION = YES;
				GCC_WARN_UNUSED_VARIABLE = YES;
				IPHONEOS_DEPLOYMENT_TARGET = 13.2;
				MTL_ENABLE_DEBUG_INFO = NO;
				MTL_FAST_MATH = YES;
				SDKROOT = iphoneos;
				SWIFT_COMPILATION_MODE = wholemodule;
				SWIFT_OPTIMIZATION_LEVEL = "-O";
				VALIDATE_PRODUCT = YES;
			};
			name = Release;
		};
		18B6E25F24134DEA002615DE /* Debug */ = {
			isa = XCBuildConfiguration;
			buildSettings = {
				ASSETCATALOG_COMPILER_APPICON_NAME = AppIcon;
				CODE_SIGN_ENTITLEMENTS = PastPapaer/PastPaper.entitlements;
				CODE_SIGN_STYLE = Automatic;
				CURRENT_PROJECT_VERSION = 26;
				DEAD_CODE_STRIPPING = NO;
				DEVELOPMENT_ASSET_PATHS = "\"PastPapaer/Preview Content\"";
				DEVELOPMENT_TEAM = 6MM6Y2NK23;
				ENABLE_PREVIEWS = YES;
				INFOPLIST_FILE = PastPapaer/Info.plist;
				IPHONEOS_DEPLOYMENT_TARGET = 13.1;
				LD_RUNPATH_SEARCH_PATHS = (
					"$(inherited)",
					"@executable_path/Frameworks",
				);
				MARKETING_VERSION = 1.3;
				PRODUCT_BUNDLE_IDENTIFIER = Patrick.PastPaper;
				PRODUCT_NAME = PastPaperO;
				SUPPORTS_MACCATALYST = NO;
				SWIFT_VERSION = 5.0;
				TARGETED_DEVICE_FAMILY = 1;
			};
			name = Debug;
		};
		18B6E26024134DEA002615DE /* Release */ = {
			isa = XCBuildConfiguration;
			buildSettings = {
				ASSETCATALOG_COMPILER_APPICON_NAME = AppIcon;
				CODE_SIGN_ENTITLEMENTS = PastPapaer/PastPaper.entitlements;
				CODE_SIGN_STYLE = Automatic;
				CURRENT_PROJECT_VERSION = 26;
				DEAD_CODE_STRIPPING = NO;
				DEVELOPMENT_ASSET_PATHS = "\"PastPapaer/Preview Content\"";
				DEVELOPMENT_TEAM = 6MM6Y2NK23;
				ENABLE_PREVIEWS = YES;
				INFOPLIST_FILE = PastPapaer/Info.plist;
				IPHONEOS_DEPLOYMENT_TARGET = 13.1;
				LD_RUNPATH_SEARCH_PATHS = (
					"$(inherited)",
					"@executable_path/Frameworks",
				);
				MARKETING_VERSION = 1.3;
				PRODUCT_BUNDLE_IDENTIFIER = Patrick.PastPaper;
				PRODUCT_NAME = PastPaperO;
				SUPPORTS_MACCATALYST = NO;
				SWIFT_VERSION = 5.0;
				TARGETED_DEVICE_FAMILY = 1;
			};
			name = Release;
		};
/* End XCBuildConfiguration section */

/* Begin XCConfigurationList section */
		18B6E24224134DE7002615DE /* Build configuration list for PBXProject "PastPapaer" */ = {
			isa = XCConfigurationList;
			buildConfigurations = (
				18B6E25C24134DEA002615DE /* Debug */,
				18B6E25D24134DEA002615DE /* Release */,
			);
			defaultConfigurationIsVisible = 0;
			defaultConfigurationName = Release;
		};
		18B6E25E24134DEA002615DE /* Build configuration list for PBXNativeTarget "PastPapaer" */ = {
			isa = XCConfigurationList;
			buildConfigurations = (
				18B6E25F24134DEA002615DE /* Debug */,
				18B6E26024134DEA002615DE /* Release */,
			);
			defaultConfigurationIsVisible = 0;
			defaultConfigurationName = Release;
		};
/* End XCConfigurationList section */

/* Begin XCRemoteSwiftPackageReference section */
		18EB5FFF2418D0D800132DBF /* XCRemoteSwiftPackageReference "lottie-ios" */ = {
			isa = XCRemoteSwiftPackageReference;
			repositoryURL = "https://github.com/airbnb/lottie-ios";
			requirement = {
				kind = upToNextMajorVersion;
				minimumVersion = 3.1.6;
			};
		};
/* End XCRemoteSwiftPackageReference section */

/* Begin XCSwiftPackageProductDependency section */
		18EB60002418D0D800132DBF /* Lottie */ = {
			isa = XCSwiftPackageProductDependency;
			package = 18EB5FFF2418D0D800132DBF /* XCRemoteSwiftPackageReference "lottie-ios" */;
			productName = Lottie;
		};
/* End XCSwiftPackageProductDependency section */

/* Begin XCVersionGroup section */
		18B6E24E24134DE7002615DE /* PastPapaer.xcdatamodeld */ = {
			isa = XCVersionGroup;
			children = (
				18B6E24F24134DE7002615DE /* PastPapaer.xcdatamodel */,
			);
			currentVersion = 18B6E24F24134DE7002615DE /* PastPapaer.xcdatamodel */;
			path = PastPapaer.xcdatamodeld;
			sourceTree = "<group>";
			versionGroupType = wrapper.xcdatamodel;
		};
/* End XCVersionGroup section */
	};
	rootObject = 18B6E23F24134DE7002615DE /* Project object */;
}
